
Microsoft Visual Studio Solution File, Format Version 12.00
# Visual Studio 2013
VisualStudioVersion = 12.0.40629.0
MinimumVisualStudioVersion = 10.0.40219.1
Project("{FAE04EC0-301F-11D3-BF4B-00C04F79EFBC}") = "UI", "UI\UI.csproj", "{9F2CAEA8-FF66-4C18-A9B0-851F83B4F161}"
EndProject
Project("{FAE04EC0-301F-11D3-BF4B-00C04F79EFBC}") = "JiraService", "JiraUtil\JiraService.csproj", "{4784B69E-CE08-4750-9B26-485345BC97E8}"
EndProject
Project("{FAE04EC0-301F-11D3-BF4B-00C04F79EFBC}") = "JenkinsUtil", "JenkinsUtil\JenkinsUtil.csproj", "{6EFBB774-B01B-49C3-B0BF-A3BEF6258F4A}"
EndProject
Global
	GlobalSection(SolutionConfigurationPlatforms) = preSolution
		Debug|Any CPU = Debug|Any CPU
		Release|Any CPU = Release|Any CPU
	EndGlobalSection
	GlobalSection(ProjectConfigurationPlatforms) = postSolution
		{4784B69E-CE08-4750-9B26-485345BC97E8}.Debug|Any CPU.ActiveCfg = Debug|Any CPU
		{4784B69E-CE08-4750-9B26-485345BC97E8}.Debug|Any CPU.Build.0 = Debug|Any CPU
		{4784B69E-CE08-4750-9B26-485345BC97E8}.Release|Any CPU.ActiveCfg = Release|Any CPU
		{4784B69E-CE08-4750-9B26-485345BC97E8}.Release|Any CPU.Build.0 = Release|Any CPU
		{6EFBB774-B01B-49C3-B0BF-A3BEF6258F4A}.Debug|Any CPU.ActiveCfg = Debug|Any CPU
		{6EFBB774-B01B-49C3-B0BF-A3BEF6258F4A}.Debug|Any CPU.Build.0 = Debug|Any CPU
		{6EFBB774-B01B-49C3-B0BF-A3BEF6258F4A}.Release|Any CPU.ActiveCfg = Release|Any CPU
		{6EFBB774-B01B-49C3-B0BF-A3BEF6258F4A}.Release|Any CPU.Build.0 = Release|Any CPU
	EndGlobalSection
	GlobalSection(SolutionConfigurationPlatforms) = preSolution
		Debug|Any CPU = Debug|Any CPU
		Release|Any CPU = Release|Any CPU
	EndGlobalSection
	GlobalSection(ProjectConfigurationPlatforms) = postSolution
		{9F2CAEA8-FF66-4C18-A9B0-851F83B4F161}.Debug|Any CPU.ActiveCfg = Debug|Any CPU
		{9F2CAEA8-FF66-4C18-A9B0-851F83B4F161}.Debug|Any CPU.Build.0 = Debug|Any CPU
		{9F2CAEA8-FF66-4C18-A9B0-851F83B4F161}.Release|Any CPU.ActiveCfg = Release|Any CPU
		{9F2CAEA8-FF66-4C18-A9B0-851F83B4F161}.Release|Any CPU.Build.0 = Release|Any CPU
	EndGlobalSection
	GlobalSection(SolutionProperties) = preSolution
		HideSolutionNode = FALSE
	EndGlobalSection
EndGlobal
