
Microsoft Visual Studio Solution File, Format Version 12.00
# Visual Studio 2013
VisualStudioVersion = 12.0.40629.0
MinimumVisualStudioVersion = 10.0.40219.1
Project("{FAE04EC0-301F-11D3-BF4B-00C04F79EFBC}") = "UI", "UI\UI.csproj", "{9F2CAEA8-FF66-4C18-A9B0-851F83B4F161}"
EndProject
Project("{FAE04EC0-301F-11D3-BF4B-00C04F79EFBC}") = "JiraService", "JiraUtil\JiraService.csproj", "{4784B69E-CE08-4750-9B26-485345BC97E8}"
EndProject
Project("{FAE04EC0-301F-11D3-BF4B-00C04F79EFBC}") = "JenkinsService", "JenkinsUtil\JenkinsService.csproj", "{6EFBB774-B01B-49C3-B0BF-A3BEF6258F4A}"
EndProject
Project("{FAE04EC0-301F-11D3-BF4B-00C04F79EFBC}") = "BL", "BL\BL.csproj", "{EBBB6B94-38AC-473C-A474-018A1EB17A9E}"
EndProject
Project("{FAE04EC0-301F-11D3-BF4B-00C04F79EFBC}") = "FishEyeService", "FishEyeService\FishEyeService.csproj", "{234E97F9-D3AC-484D-8B41-B50670ED5DB8}"
EndProject
Project("{FAE04EC0-301F-11D3-BF4B-00C04F79EFBC}") = "GitService", "GitService\GitService.csproj", "{6C3E2ABB-8571-45F8-81FB-CE70B74556B7}"
EndProject
Project("{FAE04EC0-301F-11D3-BF4B-00C04F79EFBC}") = "LoggerService", "LoggerService\LoggerService.csproj", "{E41E01CB-C3B9-4391-B993-DB076ABE3F7C}"
EndProject
Project("{2150E333-8FDC-42A3-9474-1A3956D46DE8}") = ".nuget", ".nuget", "{8E79EDDB-4689-4845-9951-F220355F5E5C}"
EndProject
Project("{2150E333-8FDC-42A3-9474-1A3956D46DE8}") = "Models", "Models", "{BC1FD937-0B34-4832-B7BF-68DC6BCF7033}"
EndProject
Project("{2150E333-8FDC-42A3-9474-1A3956D46DE8}") = "SourceControl", "SourceControl", "{909B68BB-E88C-4D9D-814D-37DB7F13BFFF}"
EndProject
Project("{FAE04EC0-301F-11D3-BF4B-00C04F79EFBC}") = "SourceControl", "SourceControl\SourceControl.csproj", "{65C01E51-42C5-49D3-96DF-F6A454E2E2C1}"
EndProject
Project("{2150E333-8FDC-42A3-9474-1A3956D46DE8}") = "DependencyFactory", "DependencyFactory", "{EB73D9CA-E5D2-45DD-9C64-C56D12A7D4EF}"
EndProject
Project("{FAE04EC0-301F-11D3-BF4B-00C04F79EFBC}") = "ModelsDI", "DependencyFactory\ModelsDI.csproj", "{F58A6F7E-C073-4429-9DA3-8E520148CA44}"
EndProject
Project("{2150E333-8FDC-42A3-9474-1A3956D46DE8}") = "BusinessLogic", "BusinessLogic", "{5E42E896-6FE9-429B-9E95-4F47014CAA38}"
EndProject
Project("{2150E333-8FDC-42A3-9474-1A3956D46DE8}") = "IssuesTracking", "IssuesTracking", "{F857C37F-DBEA-4B51-B383-FF298898A53D}"
EndProject
Project("{FAE04EC0-301F-11D3-BF4B-00C04F79EFBC}") = "IssuesTracking", "IssuesTracking\IssuesTracking.csproj", "{07410FD9-44C8-4635-BAD9-5526024F8DA4}"
EndProject
Project("{2150E333-8FDC-42A3-9474-1A3956D46DE8}") = "Database", "Database", "{3D451812-9EAE-425C-B562-762439CC5B65}"
EndProject
Project("{FAE04EC0-301F-11D3-BF4B-00C04F79EFBC}") = "EntityFrameworkDb", "EntityFrameworkDb\EntityFrameworkDb.csproj", "{C40F866B-569C-4A0F-BD1E-D5C71AFBAB77}"
EndProject
Project("{FAE04EC0-301F-11D3-BF4B-00C04F79EFBC}") = "Repository", "Repository\Repository.csproj", "{B6D3CAC1-35D7-477E-9549-3E490DF38AAD}"
EndProject
Project("{FAE04EC0-301F-11D3-BF4B-00C04F79EFBC}") = "Entities", "Entities\Entities.csproj", "{5BB3019B-9DB6-4F2D-A795-EEBDF47FF067}"
EndProject
Project("{2150E333-8FDC-42A3-9474-1A3956D46DE8}") = "Configuration", "Configuration", "{8771D5BE-889B-4802-A4D4-675D875AFD21}"
EndProject
Project("{FAE04EC0-301F-11D3-BF4B-00C04F79EFBC}") = "GitJiraConfiguration", "Configuration\GitJiraConfiguration.csproj", "{4729507B-9521-4E29-A14B-841E3D3C68EB}"
EndProject
Project("{FAE04EC0-301F-11D3-BF4B-00C04F79EFBC}") = "DatabaseDI", "DatabaseDI\DatabaseDI.csproj", "{2F4B7199-16CA-416C-959C-C7A7C3365C61}"
EndProject
Project("{FAE04EC0-301F-11D3-BF4B-00C04F79EFBC}") = "Security", "Security\Security.csproj", "{18DC35A3-1A9C-4D08-9277-216EC8602C73}"
EndProject
Project("{FAE04EC0-301F-11D3-BF4B-00C04F79EFBC}") = "ToolsConfiguration", "ToolsConfiguration\ToolsConfiguration.csproj", "{8364B339-6499-493F-ACC3-DC8534BF3E94}"
EndProject
Project("{2150E333-8FDC-42A3-9474-1A3956D46DE8}") = "UnitTests", "UnitTests", "{C574880B-1C0F-490E-ABDD-9ACD3FDBF380}"
EndProject
Project("{2150E333-8FDC-42A3-9474-1A3956D46DE8}") = "Models", "Models", "{FCE0C300-C5F3-4C43-BF7D-2B02A8D495AF}"
EndProject
Project("{FAE04EC0-301F-11D3-BF4B-00C04F79EFBC}") = "GitJiraConfigurationUnitTests", "GitJiraConfigurationUnitTests\GitJiraConfigurationUnitTests.csproj", "{906D2C72-9F55-4D3C-A12F-553C9467C1C9}"
EndProject
Project("{FAE04EC0-301F-11D3-BF4B-00C04F79EFBC}") = "SecurityUT", "SecurityUT\SecurityUT.csproj", "{90F537FD-06ED-49C5-BCD9-CC6DD6AF0FAE}"
EndProject
Project("{2150E333-8FDC-42A3-9474-1A3956D46DE8}") = "ViewModels", "ViewModels", "{2446F134-BC51-4FD8-8C84-A4E16692A2DD}"
EndProject
Project("{FAE04EC0-301F-11D3-BF4B-00C04F79EFBC}") = "ViewModelsDI", "ViewModelsDI\ViewModelsDI.csproj", "{485441B5-C48E-4E50-B784-6D60DC1FF767}"
EndProject
Project("{2150E333-8FDC-42A3-9474-1A3956D46DE8}") = "External", "External", "{180B9657-7451-4859-B47B-3E4E3E6162FE}"
EndProject
Project("{FAE04EC0-301F-11D3-BF4B-00C04F79EFBC}") = "ExternalDI", "ExternalDI\ExternalDI.csproj", "{6F082638-03BD-4EDC-B049-8E0BFE42BAB6}"
EndProject
Project("{FAE04EC0-301F-11D3-BF4B-00C04F79EFBC}") = "ConfigurationDI", "ConfigurationDI\ConfigurationDI.csproj", "{E684D351-994A-4F5A-928B-E81ACF057CF3}"
EndProject
Project("{2150E333-8FDC-42A3-9474-1A3956D46DE8}") = "Views", "Views", "{6BA231C9-B5A1-4E97-843E-604B6243A718}"
EndProject
Global
	GlobalSection(SolutionConfigurationPlatforms) = preSolution
		Debug|Any CPU = Debug|Any CPU
		Release|Any CPU = Release|Any CPU
	EndGlobalSection
	GlobalSection(ProjectConfigurationPlatforms) = postSolution
		{9F2CAEA8-FF66-4C18-A9B0-851F83B4F161}.Debug|Any CPU.ActiveCfg = Debug|Any CPU
		{9F2CAEA8-FF66-4C18-A9B0-851F83B4F161}.Debug|Any CPU.Build.0 = Debug|Any CPU
		{9F2CAEA8-FF66-4C18-A9B0-851F83B4F161}.Release|Any CPU.ActiveCfg = Release|Any CPU
		{9F2CAEA8-FF66-4C18-A9B0-851F83B4F161}.Release|Any CPU.Build.0 = Release|Any CPU
		{4784B69E-CE08-4750-9B26-485345BC97E8}.Debug|Any CPU.ActiveCfg = Debug|Any CPU
		{4784B69E-CE08-4750-9B26-485345BC97E8}.Debug|Any CPU.Build.0 = Debug|Any CPU
		{4784B69E-CE08-4750-9B26-485345BC97E8}.Release|Any CPU.ActiveCfg = Release|Any CPU
		{4784B69E-CE08-4750-9B26-485345BC97E8}.Release|Any CPU.Build.0 = Release|Any CPU
		{6EFBB774-B01B-49C3-B0BF-A3BEF6258F4A}.Debug|Any CPU.ActiveCfg = Debug|Any CPU
		{6EFBB774-B01B-49C3-B0BF-A3BEF6258F4A}.Debug|Any CPU.Build.0 = Debug|Any CPU
		{6EFBB774-B01B-49C3-B0BF-A3BEF6258F4A}.Release|Any CPU.ActiveCfg = Release|Any CPU
		{6EFBB774-B01B-49C3-B0BF-A3BEF6258F4A}.Release|Any CPU.Build.0 = Release|Any CPU
		{EBBB6B94-38AC-473C-A474-018A1EB17A9E}.Debug|Any CPU.ActiveCfg = Debug|Any CPU
		{EBBB6B94-38AC-473C-A474-018A1EB17A9E}.Debug|Any CPU.Build.0 = Debug|Any CPU
		{EBBB6B94-38AC-473C-A474-018A1EB17A9E}.Release|Any CPU.ActiveCfg = Release|Any CPU
		{EBBB6B94-38AC-473C-A474-018A1EB17A9E}.Release|Any CPU.Build.0 = Release|Any CPU
		{234E97F9-D3AC-484D-8B41-B50670ED5DB8}.Debug|Any CPU.ActiveCfg = Debug|Any CPU
		{234E97F9-D3AC-484D-8B41-B50670ED5DB8}.Debug|Any CPU.Build.0 = Debug|Any CPU
		{234E97F9-D3AC-484D-8B41-B50670ED5DB8}.Release|Any CPU.ActiveCfg = Release|Any CPU
		{234E97F9-D3AC-484D-8B41-B50670ED5DB8}.Release|Any CPU.Build.0 = Release|Any CPU
		{6C3E2ABB-8571-45F8-81FB-CE70B74556B7}.Debug|Any CPU.ActiveCfg = Debug|Any CPU
		{6C3E2ABB-8571-45F8-81FB-CE70B74556B7}.Debug|Any CPU.Build.0 = Debug|Any CPU
		{6C3E2ABB-8571-45F8-81FB-CE70B74556B7}.Release|Any CPU.ActiveCfg = Release|Any CPU
		{6C3E2ABB-8571-45F8-81FB-CE70B74556B7}.Release|Any CPU.Build.0 = Release|Any CPU
		{E41E01CB-C3B9-4391-B993-DB076ABE3F7C}.Debug|Any CPU.ActiveCfg = Debug|Any CPU
		{E41E01CB-C3B9-4391-B993-DB076ABE3F7C}.Debug|Any CPU.Build.0 = Debug|Any CPU
		{E41E01CB-C3B9-4391-B993-DB076ABE3F7C}.Release|Any CPU.ActiveCfg = Release|Any CPU
		{E41E01CB-C3B9-4391-B993-DB076ABE3F7C}.Release|Any CPU.Build.0 = Release|Any CPU
		{65C01E51-42C5-49D3-96DF-F6A454E2E2C1}.Debug|Any CPU.ActiveCfg = Debug|Any CPU
		{65C01E51-42C5-49D3-96DF-F6A454E2E2C1}.Debug|Any CPU.Build.0 = Debug|Any CPU
		{65C01E51-42C5-49D3-96DF-F6A454E2E2C1}.Release|Any CPU.ActiveCfg = Release|Any CPU
		{65C01E51-42C5-49D3-96DF-F6A454E2E2C1}.Release|Any CPU.Build.0 = Release|Any CPU
		{F58A6F7E-C073-4429-9DA3-8E520148CA44}.Debug|Any CPU.ActiveCfg = Debug|Any CPU
		{F58A6F7E-C073-4429-9DA3-8E520148CA44}.Debug|Any CPU.Build.0 = Debug|Any CPU
		{F58A6F7E-C073-4429-9DA3-8E520148CA44}.Release|Any CPU.ActiveCfg = Release|Any CPU
		{F58A6F7E-C073-4429-9DA3-8E520148CA44}.Release|Any CPU.Build.0 = Release|Any CPU
		{07410FD9-44C8-4635-BAD9-5526024F8DA4}.Debug|Any CPU.ActiveCfg = Debug|Any CPU
		{07410FD9-44C8-4635-BAD9-5526024F8DA4}.Debug|Any CPU.Build.0 = Debug|Any CPU
		{07410FD9-44C8-4635-BAD9-5526024F8DA4}.Release|Any CPU.ActiveCfg = Release|Any CPU
		{07410FD9-44C8-4635-BAD9-5526024F8DA4}.Release|Any CPU.Build.0 = Release|Any CPU
		{C40F866B-569C-4A0F-BD1E-D5C71AFBAB77}.Debug|Any CPU.ActiveCfg = Debug|Any CPU
		{C40F866B-569C-4A0F-BD1E-D5C71AFBAB77}.Debug|Any CPU.Build.0 = Debug|Any CPU
		{C40F866B-569C-4A0F-BD1E-D5C71AFBAB77}.Release|Any CPU.ActiveCfg = Release|Any CPU
		{C40F866B-569C-4A0F-BD1E-D5C71AFBAB77}.Release|Any CPU.Build.0 = Release|Any CPU
		{B6D3CAC1-35D7-477E-9549-3E490DF38AAD}.Debug|Any CPU.ActiveCfg = Debug|Any CPU
		{B6D3CAC1-35D7-477E-9549-3E490DF38AAD}.Debug|Any CPU.Build.0 = Debug|Any CPU
		{B6D3CAC1-35D7-477E-9549-3E490DF38AAD}.Release|Any CPU.ActiveCfg = Release|Any CPU
		{B6D3CAC1-35D7-477E-9549-3E490DF38AAD}.Release|Any CPU.Build.0 = Release|Any CPU
		{5BB3019B-9DB6-4F2D-A795-EEBDF47FF067}.Debug|Any CPU.ActiveCfg = Debug|Any CPU
		{5BB3019B-9DB6-4F2D-A795-EEBDF47FF067}.Debug|Any CPU.Build.0 = Debug|Any CPU
		{5BB3019B-9DB6-4F2D-A795-EEBDF47FF067}.Release|Any CPU.ActiveCfg = Release|Any CPU
		{5BB3019B-9DB6-4F2D-A795-EEBDF47FF067}.Release|Any CPU.Build.0 = Release|Any CPU
		{4729507B-9521-4E29-A14B-841E3D3C68EB}.Debug|Any CPU.ActiveCfg = Debug|Any CPU
		{4729507B-9521-4E29-A14B-841E3D3C68EB}.Debug|Any CPU.Build.0 = Debug|Any CPU
		{4729507B-9521-4E29-A14B-841E3D3C68EB}.Release|Any CPU.ActiveCfg = Release|Any CPU
		{4729507B-9521-4E29-A14B-841E3D3C68EB}.Release|Any CPU.Build.0 = Release|Any CPU
		{2F4B7199-16CA-416C-959C-C7A7C3365C61}.Debug|Any CPU.ActiveCfg = Debug|Any CPU
		{2F4B7199-16CA-416C-959C-C7A7C3365C61}.Debug|Any CPU.Build.0 = Debug|Any CPU
		{2F4B7199-16CA-416C-959C-C7A7C3365C61}.Release|Any CPU.ActiveCfg = Release|Any CPU
		{2F4B7199-16CA-416C-959C-C7A7C3365C61}.Release|Any CPU.Build.0 = Release|Any CPU
		{18DC35A3-1A9C-4D08-9277-216EC8602C73}.Debug|Any CPU.ActiveCfg = Debug|Any CPU
		{18DC35A3-1A9C-4D08-9277-216EC8602C73}.Debug|Any CPU.Build.0 = Debug|Any CPU
		{18DC35A3-1A9C-4D08-9277-216EC8602C73}.Release|Any CPU.ActiveCfg = Release|Any CPU
		{18DC35A3-1A9C-4D08-9277-216EC8602C73}.Release|Any CPU.Build.0 = Release|Any CPU
		{8364B339-6499-493F-ACC3-DC8534BF3E94}.Debug|Any CPU.ActiveCfg = Debug|Any CPU
		{8364B339-6499-493F-ACC3-DC8534BF3E94}.Debug|Any CPU.Build.0 = Debug|Any CPU
		{8364B339-6499-493F-ACC3-DC8534BF3E94}.Release|Any CPU.ActiveCfg = Release|Any CPU
		{8364B339-6499-493F-ACC3-DC8534BF3E94}.Release|Any CPU.Build.0 = Release|Any CPU
		{906D2C72-9F55-4D3C-A12F-553C9467C1C9}.Debug|Any CPU.ActiveCfg = Debug|Any CPU
		{906D2C72-9F55-4D3C-A12F-553C9467C1C9}.Debug|Any CPU.Build.0 = Debug|Any CPU
		{906D2C72-9F55-4D3C-A12F-553C9467C1C9}.Release|Any CPU.ActiveCfg = Release|Any CPU
		{906D2C72-9F55-4D3C-A12F-553C9467C1C9}.Release|Any CPU.Build.0 = Release|Any CPU
		{90F537FD-06ED-49C5-BCD9-CC6DD6AF0FAE}.Debug|Any CPU.ActiveCfg = Debug|Any CPU
		{90F537FD-06ED-49C5-BCD9-CC6DD6AF0FAE}.Debug|Any CPU.Build.0 = Debug|Any CPU
		{90F537FD-06ED-49C5-BCD9-CC6DD6AF0FAE}.Release|Any CPU.ActiveCfg = Release|Any CPU
		{90F537FD-06ED-49C5-BCD9-CC6DD6AF0FAE}.Release|Any CPU.Build.0 = Release|Any CPU
		{485441B5-C48E-4E50-B784-6D60DC1FF767}.Debug|Any CPU.ActiveCfg = Debug|Any CPU
		{485441B5-C48E-4E50-B784-6D60DC1FF767}.Debug|Any CPU.Build.0 = Debug|Any CPU
		{485441B5-C48E-4E50-B784-6D60DC1FF767}.Release|Any CPU.ActiveCfg = Release|Any CPU
		{485441B5-C48E-4E50-B784-6D60DC1FF767}.Release|Any CPU.Build.0 = Release|Any CPU
		{6F082638-03BD-4EDC-B049-8E0BFE42BAB6}.Debug|Any CPU.ActiveCfg = Debug|Any CPU
		{6F082638-03BD-4EDC-B049-8E0BFE42BAB6}.Debug|Any CPU.Build.0 = Debug|Any CPU
		{6F082638-03BD-4EDC-B049-8E0BFE42BAB6}.Release|Any CPU.ActiveCfg = Release|Any CPU
		{6F082638-03BD-4EDC-B049-8E0BFE42BAB6}.Release|Any CPU.Build.0 = Release|Any CPU
		{E684D351-994A-4F5A-928B-E81ACF057CF3}.Debug|Any CPU.ActiveCfg = Debug|Any CPU
		{E684D351-994A-4F5A-928B-E81ACF057CF3}.Debug|Any CPU.Build.0 = Debug|Any CPU
		{E684D351-994A-4F5A-928B-E81ACF057CF3}.Release|Any CPU.ActiveCfg = Release|Any CPU
		{E684D351-994A-4F5A-928B-E81ACF057CF3}.Release|Any CPU.Build.0 = Release|Any CPU
	EndGlobalSection
	GlobalSection(SolutionProperties) = preSolution
		HideSolutionNode = FALSE
	EndGlobalSection
	GlobalSection(NestedProjects) = preSolution
		{9F2CAEA8-FF66-4C18-A9B0-851F83B4F161} = {6BA231C9-B5A1-4E97-843E-604B6243A718}
		{4784B69E-CE08-4750-9B26-485345BC97E8} = {F857C37F-DBEA-4B51-B383-FF298898A53D}
		{EBBB6B94-38AC-473C-A474-018A1EB17A9E} = {5E42E896-6FE9-429B-9E95-4F47014CAA38}
		{6C3E2ABB-8571-45F8-81FB-CE70B74556B7} = {909B68BB-E88C-4D9D-814D-37DB7F13BFFF}
		{909B68BB-E88C-4D9D-814D-37DB7F13BFFF} = {180B9657-7451-4859-B47B-3E4E3E6162FE}
		{65C01E51-42C5-49D3-96DF-F6A454E2E2C1} = {909B68BB-E88C-4D9D-814D-37DB7F13BFFF}
		{F58A6F7E-C073-4429-9DA3-8E520148CA44} = {EB73D9CA-E5D2-45DD-9C64-C56D12A7D4EF}
		{5E42E896-6FE9-429B-9E95-4F47014CAA38} = {BC1FD937-0B34-4832-B7BF-68DC6BCF7033}
		{F857C37F-DBEA-4B51-B383-FF298898A53D} = {180B9657-7451-4859-B47B-3E4E3E6162FE}
		{07410FD9-44C8-4635-BAD9-5526024F8DA4} = {F857C37F-DBEA-4B51-B383-FF298898A53D}
		{3D451812-9EAE-425C-B562-762439CC5B65} = {BC1FD937-0B34-4832-B7BF-68DC6BCF7033}
		{C40F866B-569C-4A0F-BD1E-D5C71AFBAB77} = {3D451812-9EAE-425C-B562-762439CC5B65}
		{B6D3CAC1-35D7-477E-9549-3E490DF38AAD} = {3D451812-9EAE-425C-B562-762439CC5B65}
		{5BB3019B-9DB6-4F2D-A795-EEBDF47FF067} = {3D451812-9EAE-425C-B562-762439CC5B65}
		{8771D5BE-889B-4802-A4D4-675D875AFD21} = {BC1FD937-0B34-4832-B7BF-68DC6BCF7033}
		{4729507B-9521-4E29-A14B-841E3D3C68EB} = {8771D5BE-889B-4802-A4D4-675D875AFD21}
		{2F4B7199-16CA-416C-959C-C7A7C3365C61} = {EB73D9CA-E5D2-45DD-9C64-C56D12A7D4EF}
		{18DC35A3-1A9C-4D08-9277-216EC8602C73} = {8771D5BE-889B-4802-A4D4-675D875AFD21}
		{8364B339-6499-493F-ACC3-DC8534BF3E94} = {8771D5BE-889B-4802-A4D4-675D875AFD21}
		{FCE0C300-C5F3-4C43-BF7D-2B02A8D495AF} = {C574880B-1C0F-490E-ABDD-9ACD3FDBF380}
		{906D2C72-9F55-4D3C-A12F-553C9467C1C9} = {FCE0C300-C5F3-4C43-BF7D-2B02A8D495AF}
		{90F537FD-06ED-49C5-BCD9-CC6DD6AF0FAE} = {FCE0C300-C5F3-4C43-BF7D-2B02A8D495AF}
		{485441B5-C48E-4E50-B784-6D60DC1FF767} = {EB73D9CA-E5D2-45DD-9C64-C56D12A7D4EF}
		{6F082638-03BD-4EDC-B049-8E0BFE42BAB6} = {EB73D9CA-E5D2-45DD-9C64-C56D12A7D4EF}
		{E684D351-994A-4F5A-928B-E81ACF057CF3} = {EB73D9CA-E5D2-45DD-9C64-C56D12A7D4EF}
	EndGlobalSection
EndGlobal
